
Microsoft Visual Studio Solution File, Format Version 12.00
# Visual Studio Version 17
VisualStudioVersion = 17.8.34330.188
MinimumVisualStudioVersion = 10.0.40219.1
Project("{FAE04EC0-301F-11D3-BF4B-00C04F79EFBC}") = "WinForms.Intro", "WinForms.Intro\WinForms.Intro.csproj", "{C8E11E02-E992-4178-BFEF-90F8B233899C}"
EndProject
Project("{FAE04EC0-301F-11D3-BF4B-00C04F79EFBC}") = "WindowsFormsApp.CarRentalApp", "WindowsFormsApp.CarRentalApp\WindowsFormsApp.CarRentalApp.csproj", "{902CF482-21AD-4734-A052-4AA8B1334D6B}"
EndProject
Global
	GlobalSection(SolutionConfigurationPlatforms) = preSolution
		Debug|Any CPU = Debug|Any CPU
		Release|Any CPU = Release|Any CPU
	EndGlobalSection
	GlobalSection(ProjectConfigurationPlatforms) = postSolution
		{C8E11E02-E992-4178-BFEF-90F8B233899C}.Debug|Any CPU.ActiveCfg = Debug|Any CPU
		{C8E11E02-E992-4178-BFEF-90F8B233899C}.Debug|Any CPU.Build.0 = Debug|Any CPU
		{C8E11E02-E992-4178-BFEF-90F8B233899C}.Release|Any CPU.ActiveCfg = Release|Any CPU
		{C8E11E02-E992-4178-BFEF-90F8B233899C}.Release|Any CPU.Build.0 = Release|Any CPU
		{902CF482-21AD-4734-A052-4AA8B1334D6B}.Debug|Any CPU.ActiveCfg = Debug|Any CPU
		{902CF482-21AD-4734-A052-4AA8B1334D6B}.Debug|Any CPU.Build.0 = Debug|Any CPU
		{902CF482-21AD-4734-A052-4AA8B1334D6B}.Release|Any CPU.ActiveCfg = Release|Any CPU
		{902CF482-21AD-4734-A052-4AA8B1334D6B}.Release|Any CPU.Build.0 = Release|Any CPU
	EndGlobalSection
	GlobalSection(SolutionProperties) = preSolution
		HideSolutionNode = FALSE
	EndGlobalSection
	GlobalSection(ExtensibilityGlobals) = postSolution
		SolutionGuid = {70FEAF36-243B-40AD-9BCB-6C09861A255F}
	EndGlobalSection
EndGlobal
